# THIS IS AN AUTOGENERATED FILE. DO NOT EDIT THIS FILE DIRECTLY.
# yarn lockfile v1


"@zeit/ncc@^0.16.1":
  version "0.16.1"
  resolved "https://registry.yarnpkg.com/@zeit/ncc/-/ncc-0.16.1.tgz#c12257d2d919fc47447944f5021b33e5997a84fb"
  integrity sha512-lHScAn2rl2OjBzpzFZlv9YCq9ESvcBz51NWxXV7D1nA02jceUoIqlK8YDQSmA5wa5IqL+UzFyxSpq6ZSyVSAHw==
